
Microsoft Visual Studio Solution File, Format Version 12.00
# Visual Studio Version 16
VisualStudioVersion = 16.0.30907.101
MinimumVisualStudioVersion = 10.0.40219.1
Project("{FAE04EC0-301F-11D3-BF4B-00C04F79EFBC}") = "ClassMetotDemo", "ClassMetotDemo\ClassMetotDemo.csproj", "{AEA752CC-8355-4FEB-820B-C7F965739CA7}"
EndProject
Global
	GlobalSection(SolutionConfigurationPlatforms) = preSolution
		Debug|Any CPU = Debug|Any CPU
		Release|Any CPU = Release|Any CPU
	EndGlobalSection
	GlobalSection(ProjectConfigurationPlatforms) = postSolution
		{AEA752CC-8355-4FEB-820B-C7F965739CA7}.Debug|Any CPU.ActiveCfg = Debug|Any CPU
		{AEA752CC-8355-4FEB-820B-C7F965739CA7}.Debug|Any CPU.Build.0 = Debug|Any CPU
		{AEA752CC-8355-4FEB-820B-C7F965739CA7}.Release|Any CPU.ActiveCfg = Release|Any CPU
		{AEA752CC-8355-4FEB-820B-C7F965739CA7}.Release|Any CPU.Build.0 = Release|Any CPU
	EndGlobalSection
	GlobalSection(SolutionProperties) = preSolution
		HideSolutionNode = FALSE
	EndGlobalSection
	GlobalSection(ExtensibilityGlobals) = postSolution
		SolutionGuid = {A64340C5-8D53-411F-AF12-37FDEFE7922E}
	EndGlobalSection
EndGlobal
